// !$*UTF8*$!
{
	archiveVersion = 1;
	classes = {
	};
	objectVersion = 55;
	objects = {

/* Begin PBXBuildFile section */
		A31D520827B464F600812606 /* AppDelegate.swift in Sources */ = {isa = PBXBuildFile; fileRef = A31D520727B464F600812606 /* AppDelegate.swift */; };
		A31D520A27B464F600812606 /* SceneDelegate.swift in Sources */ = {isa = PBXBuildFile; fileRef = A31D520927B464F600812606 /* SceneDelegate.swift */; };
		A31D520C27B464F600812606 /* MainController.swift in Sources */ = {isa = PBXBuildFile; fileRef = A31D520B27B464F600812606 /* MainController.swift */; };
		A31D520F27B464F600812606 /* Main.storyboard in Resources */ = {isa = PBXBuildFile; fileRef = A31D520D27B464F600812606 /* Main.storyboard */; };
		A31D521127B464F800812606 /* Assets.xcassets in Resources */ = {isa = PBXBuildFile; fileRef = A31D521027B464F800812606 /* Assets.xcassets */; };
		A31D521427B464F800812606 /* LaunchScreen.storyboard in Resources */ = {isa = PBXBuildFile; fileRef = A31D521227B464F800812606 /* LaunchScreen.storyboard */; };
		A31D522527B4733500812606 /* roundedView.swift in Sources */ = {isa = PBXBuildFile; fileRef = A31D522427B4733500812606 /* roundedView.swift */; };
		A31EC8AA27BFF740007BBBF7 /* UDHeloper.swift in Sources */ = {isa = PBXBuildFile; fileRef = A31EC8A927BFF740007BBBF7 /* UDHeloper.swift */; };
		A332C87E27B5B05300BB57A6 /* APIHelper.swift in Sources */ = {isa = PBXBuildFile; fileRef = A332C87D27B5B05300BB57A6 /* APIHelper.swift */; };
		A362A5E727B8617400740B8C /* ImageDownloader.swift in Sources */ = {isa = PBXBuildFile; fileRef = A362A5E627B8617400740B8C /* ImageDownloader.swift */; };
		A36986FC27B701DC00F043C8 /* APIResult.swift in Sources */ = {isa = PBXBuildFile; fileRef = A36986FB27B701DB00F043C8 /* APIResult.swift */; };
		A36986FE27B7099D00F043C8 /* FirstCustomCell.swift in Sources */ = {isa = PBXBuildFile; fileRef = A36986FD27B7099D00F043C8 /* FirstCustomCell.swift */; };
		A369870027B70CD600F043C8 /* SecondCustomCell.swift in Sources */ = {isa = PBXBuildFile; fileRef = A36986FF27B70CD600F043C8 /* SecondCustomCell.swift */; };
		A369870227B7118C00F043C8 /* CustomCollectionViewCell.swift in Sources */ = {isa = PBXBuildFile; fileRef = A369870127B7118C00F043C8 /* CustomCollectionViewCell.swift */; };
		A369870927B7169300F043C8 /* ThirdCustomCell.swift in Sources */ = {isa = PBXBuildFile; fileRef = A369870827B7169300F043C8 /* ThirdCustomCell.swift */; };
		A369870B27B7196F00F043C8 /* CellView.swift in Sources */ = {isa = PBXBuildFile; fileRef = A369870A27B7196F00F043C8 /* CellView.swift */; };
/* End PBXBuildFile section */

/* Begin PBXFileReference section */
		A31D520427B464F600812606 /* My Weather App.app */ = {isa = PBXFileReference; explicitFileType = wrapper.application; includeInIndex = 0; path = "My Weather App.app"; sourceTree = BUILT_PRODUCTS_DIR; };
		A31D520727B464F600812606 /* AppDelegate.swift */ = {isa = PBXFileReference; lastKnownFileType = sourcecode.swift; path = AppDelegate.swift; sourceTree = "<group>"; };
		A31D520927B464F600812606 /* SceneDelegate.swift */ = {isa = PBXFileReference; lastKnownFileType = sourcecode.swift; path = SceneDelegate.swift; sourceTree = "<group>"; };
		A31D520B27B464F600812606 /* MainController.swift */ = {isa = PBXFileReference; lastKnownFileType = sourcecode.swift; path = MainController.swift; sourceTree = "<group>"; };
		A31D520E27B464F600812606 /* Base */ = {isa = PBXFileReference; lastKnownFileType = file.storyboard; name = Base; path = Base.lproj/Main.storyboard; sourceTree = "<group>"; };
		A31D521027B464F800812606 /* Assets.xcassets */ = {isa = PBXFileReference; lastKnownFileType = folder.assetcatalog; path = Assets.xcassets; sourceTree = "<group>"; };
		A31D521327B464F800812606 /* Base */ = {isa = PBXFileReference; lastKnownFileType = file.storyboard; name = Base; path = Base.lproj/LaunchScreen.storyboard; sourceTree = "<group>"; };
		A31D521527B464F800812606 /* Info.plist */ = {isa = PBXFileReference; lastKnownFileType = text.plist.xml; path = Info.plist; sourceTree = "<group>"; };
		A31D522427B4733500812606 /* roundedView.swift */ = {isa = PBXFileReference; lastKnownFileType = sourcecode.swift; path = roundedView.swift; sourceTree = "<group>"; };
		A31EC8A927BFF740007BBBF7 /* UDHeloper.swift */ = {isa = PBXFileReference; lastKnownFileType = sourcecode.swift; path = UDHeloper.swift; sourceTree = "<group>"; };
		A332C87D27B5B05300BB57A6 /* APIHelper.swift */ = {isa = PBXFileReference; lastKnownFileType = sourcecode.swift; path = APIHelper.swift; sourceTree = "<group>"; };
		A362A5E627B8617400740B8C /* ImageDownloader.swift */ = {isa = PBXFileReference; lastKnownFileType = sourcecode.swift; path = ImageDownloader.swift; sourceTree = "<group>"; };
		A36986FB27B701DB00F043C8 /* APIResult.swift */ = {isa = PBXFileReference; lastKnownFileType = sourcecode.swift; path = APIResult.swift; sourceTree = "<group>"; };
		A36986FD27B7099D00F043C8 /* FirstCustomCell.swift */ = {isa = PBXFileReference; lastKnownFileType = sourcecode.swift; path = FirstCustomCell.swift; sourceTree = "<group>"; };
		A36986FF27B70CD600F043C8 /* SecondCustomCell.swift */ = {isa = PBXFileReference; lastKnownFileType = sourcecode.swift; path = SecondCustomCell.swift; sourceTree = "<group>"; };
		A369870127B7118C00F043C8 /* CustomCollectionViewCell.swift */ = {isa = PBXFileReference; lastKnownFileType = sourcecode.swift; path = CustomCollectionViewCell.swift; sourceTree = "<group>"; };
		A369870827B7169300F043C8 /* ThirdCustomCell.swift */ = {isa = PBXFileReference; lastKnownFileType = sourcecode.swift; path = ThirdCustomCell.swift; sourceTree = "<group>"; };
		A369870A27B7196F00F043C8 /* CellView.swift */ = {isa = PBXFileReference; lastKnownFileType = sourcecode.swift; path = CellView.swift; sourceTree = "<group>"; };
/* End PBXFileReference section */

/* Begin PBXFrameworksBuildPhase section */
		A31D520127B464F600812606 /* Frameworks */ = {
			isa = PBXFrameworksBuildPhase;
			buildActionMask = 2147483647;
			files = (
			);
			runOnlyForDeploymentPostprocessing = 0;
		};
/* End PBXFrameworksBuildPhase section */

/* Begin PBXGroup section */
		A31D51FB27B464F600812606 = {
			isa = PBXGroup;
			children = (
				A31D520627B464F600812606 /* My Weather App */,
				A31D520527B464F600812606 /* Products */,
			);
			sourceTree = "<group>";
		};
		A31D520527B464F600812606 /* Products */ = {
			isa = PBXGroup;
			children = (
				A31D520427B464F600812606 /* My Weather App.app */,
			);
			name = Products;
			sourceTree = "<group>";
		};
		A31D520627B464F600812606 /* My Weather App */ = {
			isa = PBXGroup;
			children = (
				A31D521D27B4652700812606 /* Model */,
				A31D521C27B4652100812606 /* View */,
				A31D521B27B4651400812606 /* Controller */,
				A31D520727B464F600812606 /* AppDelegate.swift */,
				A31D520927B464F600812606 /* SceneDelegate.swift */,
				A31D520D27B464F600812606 /* Main.storyboard */,
				A31D521027B464F800812606 /* Assets.xcassets */,
				A31D521227B464F800812606 /* LaunchScreen.storyboard */,
				A31D521527B464F800812606 /* Info.plist */,
			);
			path = "My Weather App";
			sourceTree = "<group>";
		};
		A31D521B27B4651400812606 /* Controller */ = {
			isa = PBXGroup;
			children = (
				A31D520B27B464F600812606 /* MainController.swift */,
			);
			path = Controller;
			sourceTree = "<group>";
		};
		A31D521C27B4652100812606 /* View */ = {
			isa = PBXGroup;
			children = (
				A31D522627B4748E00812606 /* Custom Table Cells */,
				A31D522427B4733500812606 /* roundedView.swift */,
				A369870A27B7196F00F043C8 /* CellView.swift */,
			);
			path = View;
			sourceTree = "<group>";
		};
		A31D521D27B4652700812606 /* Model */ = {
			isa = PBXGroup;
			children = (
				A332C87D27B5B05300BB57A6 /* APIHelper.swift */,
				A36986FB27B701DB00F043C8 /* APIResult.swift */,
				A362A5E627B8617400740B8C /* ImageDownloader.swift */,
				A31EC8A927BFF740007BBBF7 /* UDHeloper.swift */,
			);
			path = Model;
			sourceTree = "<group>";
		};
		A31D522627B4748E00812606 /* Custom Table Cells */ = {
			isa = PBXGroup;
			children = (
				A36986FD27B7099D00F043C8 /* FirstCustomCell.swift */,
				A36986FF27B70CD600F043C8 /* SecondCustomCell.swift */,
				A369870127B7118C00F043C8 /* CustomCollectionViewCell.swift */,
				A369870827B7169300F043C8 /* ThirdCustomCell.swift */,
			);
			path = "Custom Table Cells";
			sourceTree = "<group>";
		};
/* End PBXGroup section */

/* Begin PBXNativeTarget section */
		A31D520327B464F600812606 /* My Weather App */ = {
			isa = PBXNativeTarget;
			buildConfigurationList = A31D521827B464F800812606 /* Build configuration list for PBXNativeTarget "My Weather App" */;
			buildPhases = (
				A31D520027B464F600812606 /* Sources */,
				A31D520127B464F600812606 /* Frameworks */,
				A31D520227B464F600812606 /* Resources */,
			);
			buildRules = (
			);
			dependencies = (
			);
			name = "My Weather App";
			productName = "My Weather App";
			productReference = A31D520427B464F600812606 /* My Weather App.app */;
			productType = "com.apple.product-type.application";
		};
/* End PBXNativeTarget section */

/* Begin PBXProject section */
		A31D51FC27B464F600812606 /* Project object */ = {
			isa = PBXProject;
			attributes = {
				BuildIndependentTargetsInParallel = 1;
				LastSwiftUpdateCheck = 1320;
				LastUpgradeCheck = 1320;
				TargetAttributes = {
					A31D520327B464F600812606 = {
						CreatedOnToolsVersion = 13.2.1;
					};
				};
			};
			buildConfigurationList = A31D51FF27B464F600812606 /* Build configuration list for PBXProject "My Weather App" */;
			compatibilityVersion = "Xcode 13.0";
			developmentRegion = en;
			hasScannedForEncodings = 0;
			knownRegions = (
				en,
				Base,
			);
			mainGroup = A31D51FB27B464F600812606;
			productRefGroup = A31D520527B464F600812606 /* Products */;
			projectDirPath = "";
			projectRoot = "";
			targets = (
				A31D520327B464F600812606 /* My Weather App */,
			);
		};
/* End PBXProject section */

/* Begin PBXResourcesBuildPhase section */
		A31D520227B464F600812606 /* Resources */ = {
			isa = PBXResourcesBuildPhase;
			buildActionMask = 2147483647;
			files = (
				A31D521427B464F800812606 /* LaunchScreen.storyboard in Resources */,
				A31D521127B464F800812606 /* Assets.xcassets in Resources */,
				A31D520F27B464F600812606 /* Main.storyboard in Resources */,
			);
			runOnlyForDeploymentPostprocessing = 0;
		};
/* End PBXResourcesBuildPhase section */

/* Begin PBXSourcesBuildPhase section */
		A31D520027B464F600812606 /* Sources */ = {
			isa = PBXSourcesBuildPhase;
			buildActionMask = 2147483647;
			files = (
				A369870027B70CD600F043C8 /* SecondCustomCell.swift in Sources */,
				A369870227B7118C00F043C8 /* CustomCollectionViewCell.swift in Sources */,
				A362A5E727B8617400740B8C /* ImageDownloader.swift in Sources */,
				A332C87E27B5B05300BB57A6 /* APIHelper.swift in Sources */,
				A36986FC27B701DC00F043C8 /* APIResult.swift in Sources */,
				A31D522527B4733500812606 /* roundedView.swift in Sources */,
				A31D520C27B464F600812606 /* MainController.swift in Sources */,
				A369870927B7169300F043C8 /* ThirdCustomCell.swift in Sources */,
				A369870B27B7196F00F043C8 /* CellView.swift in Sources */,
				A31EC8AA27BFF740007BBBF7 /* UDHeloper.swift in Sources */,
				A31D520827B464F600812606 /* AppDelegate.swift in Sources */,
				A31D520A27B464F600812606 /* SceneDelegate.swift in Sources */,
				A36986FE27B7099D00F043C8 /* FirstCustomCell.swift in Sources */,
			);
			runOnlyForDeploymentPostprocessing = 0;
		};
/* End PBXSourcesBuildPhase section */

/* Begin PBXVariantGroup section */
		A31D520D27B464F600812606 /* Main.storyboard */ = {
			isa = PBXVariantGroup;
			children = (
				A31D520E27B464F600812606 /* Base */,
			);
			name = Main.storyboard;
			sourceTree = "<group>";
		};
		A31D521227B464F800812606 /* LaunchScreen.storyboard */ = {
			isa = PBXVariantGroup;
			children = (
				A31D521327B464F800812606 /* Base */,
			);
			name = LaunchScreen.storyboard;
			sourceTree = "<group>";
		};
/* End PBXVariantGroup section */

/* Begin XCBuildConfiguration section */
		A31D521627B464F800812606 /* Debug */ = {
			isa = XCBuildConfiguration;
			buildSettings = {
				ALWAYS_SEARCH_USER_PATHS = NO;
				CLANG_ANALYZER_NONNULL = YES;
				CLANG_ANALYZER_NUMBER_OBJECT_CONVERSION = YES_AGGRESSIVE;
				CLANG_CXX_LANGUAGE_STANDARD = "gnu++17";
				CLANG_CXX_LIBRARY = "libc++";
				CLANG_ENABLE_MODULES = YES;
				CLANG_ENABLE_OBJC_ARC = YES;
				CLANG_ENABLE_OBJC_WEAK = YES;
				CLANG_WARN_BLOCK_CAPTURE_AUTORELEASING = YES;
				CLANG_WARN_BOOL_CONVERSION = YES;
				CLANG_WARN_COMMA = YES;
				CLANG_WARN_CONSTANT_CONVERSION = YES;
				CLANG_WARN_DEPRECATED_OBJC_IMPLEMENTATIONS = YES;
				CLANG_WARN_DIRECT_OBJC_ISA_USAGE = YES_ERROR;
				CLANG_WARN_DOCUMENTATION_COMMENTS = YES;
				CLANG_WARN_EMPTY_BODY = YES;
				CLANG_WARN_ENUM_CONVERSION = YES;
				CLANG_WARN_INFINITE_RECURSION = YES;
				CLANG_WARN_INT_CONVERSION = YES;
				CLANG_WARN_NON_LITERAL_NULL_CONVERSION = YES;
				CLANG_WARN_OBJC_IMPLICIT_RETAIN_SELF = YES;
				CLANG_WARN_OBJC_LITERAL_CONVERSION = YES;
				CLANG_WARN_OBJC_ROOT_CLASS = YES_ERROR;
				CLANG_WARN_QUOTED_INCLUDE_IN_FRAMEWORK_HEADER = YES;
				CLANG_WARN_RANGE_LOOP_ANALYSIS = YES;
				CLANG_WARN_STRICT_PROTOTYPES = YES;
				CLANG_WARN_SUSPICIOUS_MOVE = YES;
				CLANG_WARN_UNGUARDED_AVAILABILITY = YES_AGGRESSIVE;
				CLANG_WARN_UNREACHABLE_CODE = YES;
				CLANG_WARN__DUPLICATE_METHOD_MATCH = YES;
				COPY_PHASE_STRIP = NO;
				DEBUG_INFORMATION_FORMAT = dwarf;
				ENABLE_STRICT_OBJC_MSGSEND = YES;
				ENABLE_TESTABILITY = YES;
				GCC_C_LANGUAGE_STANDARD = gnu11;
				GCC_DYNAMIC_NO_PIC = NO;
				GCC_NO_COMMON_BLOCKS = YES;
				GCC_OPTIMIZATION_LEVEL = 0;
				GCC_PREPROCESSOR_DEFINITIONS = (
					"DEBUG=1",
					"$(inherited)",
				);
				GCC_WARN_64_TO_32_BIT_CONVERSION = YES;
				GCC_WARN_ABOUT_RETURN_TYPE = YES_ERROR;
				GCC_WARN_UNDECLARED_SELECTOR = YES;
				GCC_WARN_UNINITIALIZED_AUTOS = YES_AGGRESSIVE;
				GCC_WARN_UNUSED_FUNCTION = YES;
				GCC_WARN_UNUSED_VARIABLE = YES;
				IPHONEOS_DEPLOYMENT_TARGET = 15.2;
				MTL_ENABLE_DEBUG_INFO = INCLUDE_SOURCE;
				MTL_FAST_MATH = YES;
				ONLY_ACTIVE_ARCH = YES;
				SDKROOT = iphoneos;
				SWIFT_ACTIVE_COMPILATION_CONDITIONS = DEBUG;
				SWIFT_OPTIMIZATION_LEVEL = "-Onone";
			};
			name = Debug;
		};
		A31D521727B464F800812606 /* Release */ = {
			isa = XCBuildConfiguration;
			buildSettings = {
				ALWAYS_SEARCH_USER_PATHS = NO;
				CLANG_ANALYZER_NONNULL = YES;
				CLANG_ANALYZER_NUMBER_OBJECT_CONVERSION = YES_AGGRESSIVE;
				CLANG_CXX_LANGUAGE_STANDARD = "gnu++17";
				CLANG_CXX_LIBRARY = "libc++";
				CLANG_ENABLE_MODULES = YES;
				CLANG_ENABLE_OBJC_ARC = YES;
				CLANG_ENABLE_OBJC_WEAK = YES;
				CLANG_WARN_BLOCK_CAPTURE_AUTORELEASING = YES;
				CLANG_WARN_BOOL_CONVERSION = YES;
				CLANG_WARN_COMMA = YES;
				CLANG_WARN_CONSTANT_CONVERSION = YES;
				CLANG_WARN_DEPRECATED_OBJC_IMPLEMENTATIONS = YES;
				CLANG_WARN_DIRECT_OBJC_ISA_USAGE = YES_ERROR;
				CLANG_WARN_DOCUMENTATION_COMMENTS = YES;
				CLANG_WARN_EMPTY_BODY = YES;
				CLANG_WARN_ENUM_CONVERSION = YES;
				CLANG_WARN_INFINITE_RECURSION = YES;
				CLANG_WARN_INT_CONVERSION = YES;
				CLANG_WARN_NON_LITERAL_NULL_CONVERSION = YES;
				CLANG_WARN_OBJC_IMPLICIT_RETAIN_SELF = YES;
				CLANG_WARN_OBJC_LITERAL_CONVERSION = YES;
				CLANG_WARN_OBJC_ROOT_CLASS = YES_ERROR;
				CLANG_WARN_QUOTED_INCLUDE_IN_FRAMEWORK_HEADER = YES;
				CLANG_WARN_RANGE_LOOP_ANALYSIS = YES;
				CLANG_WARN_STRICT_PROTOTYPES = YES;
				CLANG_WARN_SUSPICIOUS_MOVE = YES;
				CLANG_WARN_UNGUARDED_AVAILABILITY = YES_AGGRESSIVE;
				CLANG_WARN_UNREACHABLE_CODE = YES;
				CLANG_WARN__DUPLICATE_METHOD_MATCH = YES;
				COPY_PHASE_STRIP = NO;
				DEBUG_INFORMATION_FORMAT = "dwarf-with-dsym";
				ENABLE_NS_ASSERTIONS = NO;
				ENABLE_STRICT_OBJC_MSGSEND = YES;
				GCC_C_LANGUAGE_STANDARD = gnu11;
				GCC_NO_COMMON_BLOCKS = YES;
				GCC_WARN_64_TO_32_BIT_CONVERSION = YES;
				GCC_WARN_ABOUT_RETURN_TYPE = YES_ERROR;
				GCC_WARN_UNDECLARED_SELECTOR = YES;
				GCC_WARN_UNINITIALIZED_AUTOS = YES_AGGRESSIVE;
				GCC_WARN_UNUSED_FUNCTION = YES;
				GCC_WARN_UNUSED_VARIABLE = YES;
				IPHONEOS_DEPLOYMENT_TARGET = 15.2;
				MTL_ENABLE_DEBUG_INFO = NO;
				MTL_FAST_MATH = YES;
				SDKROOT = iphoneos;
				SWIFT_COMPILATION_MODE = wholemodule;
				SWIFT_OPTIMIZATION_LEVEL = "-O";
				VALIDATE_PRODUCT = YES;
			};
			name = Release;
		};
		A31D521927B464F800812606 /* Debug */ = {
			isa = XCBuildConfiguration;
			buildSettings = {
				ASSETCATALOG_COMPILER_APPICON_NAME = AppIcon;
				ASSETCATALOG_COMPILER_GLOBAL_ACCENT_COLOR_NAME = AccentColor;
				CODE_SIGN_STYLE = Automatic;
				CURRENT_PROJECT_VERSION = 1;
				GENERATE_INFOPLIST_FILE = YES;
				INFOPLIST_FILE = "My Weather App/Info.plist";
				INFOPLIST_KEY_UIApplicationSupportsIndirectInputEvents = YES;
				INFOPLIST_KEY_UILaunchStoryboardName = LaunchScreen;
				INFOPLIST_KEY_UIMainStoryboardFile = Main;
				INFOPLIST_KEY_UISupportedInterfaceOrientations_iPad = "UIInterfaceOrientationPortrait UIInterfaceOrientationPortraitUpsideDown UIInterfaceOrientationLandscapeLeft UIInterfaceOrientationLandscapeRight";
				INFOPLIST_KEY_UISupportedInterfaceOrientations_iPhone = "UIInterfaceOrientationPortrait UIInterfaceOrientationLandscapeLeft UIInterfaceOrientationLandscapeRight";
				LD_RUNPATH_SEARCH_PATHS = (
					"$(inherited)",
					"@executable_path/Frameworks",
				);
				MARKETING_VERSION = 1.0;
				PRODUCT_BUNDLE_IDENTIFIER = "Jo.My-Weather-App";
				PRODUCT_NAME = "$(TARGET_NAME)";
				SWIFT_EMIT_LOC_STRINGS = YES;
				SWIFT_VERSION = 5.0;
				TARGETED_DEVICE_FAMILY = "1,2";
			};
			name = Debug;
		};
		A31D521A27B464F800812606 /* Release */ = {
			isa = XCBuildConfiguration;
			buildSettings = {
				ASSETCATALOG_COMPILER_APPICON_NAME = AppIcon;
				ASSETCATALOG_COMPILER_GLOBAL_ACCENT_COLOR_NAME = AccentColor;
				CODE_SIGN_STYLE = Automatic;
				CURRENT_PROJECT_VERSION = 1;
				GENERATE_INFOPLIST_FILE = YES;
				INFOPLIST_FILE = "My Weather App/Info.plist";
				INFOPLIST_KEY_UIApplicationSupportsIndirectInputEvents = YES;
				INFOPLIST_KEY_UILaunchStoryboardName = LaunchScreen;
				INFOPLIST_KEY_UIMainStoryboardFile = Main;
				INFOPLIST_KEY_UISupportedInterfaceOrientations_iPad = "UIInterfaceOrientationPortrait UIInterfaceOrientationPortraitUpsideDown UIInterfaceOrientationLandscapeLeft UIInterfaceOrientationLandscapeRight";
				INFOPLIST_KEY_UISupportedInterfaceOrientations_iPhone = "UIInterfaceOrientationPortrait UIInterfaceOrientationLandscapeLeft UIInterfaceOrientationLandscapeRight";
				LD_RUNPATH_SEARCH_PATHS = (
					"$(inherited)",
					"@executable_path/Frameworks",
				);
				MARKETING_VERSION = 1.0;
				PRODUCT_BUNDLE_IDENTIFIER = "Jo.My-Weather-App";
				PRODUCT_NAME = "$(TARGET_NAME)";
				SWIFT_EMIT_LOC_STRINGS = YES;
				SWIFT_VERSION = 5.0;
				TARGETED_DEVICE_FAMILY = "1,2";
			};
			name = Release;
		};
/* End XCBuildConfiguration section */

/* Begin XCConfigurationList section */
		A31D51FF27B464F600812606 /* Build configuration list for PBXProject "My Weather App" */ = {
			isa = XCConfigurationList;
			buildConfigurations = (
				A31D521627B464F800812606 /* Debug */,
				A31D521727B464F800812606 /* Release */,
			);
			defaultConfigurationIsVisible = 0;
			defaultConfigurationName = Release;
		};
		A31D521827B464F800812606 /* Build configuration list for PBXNativeTarget "My Weather App" */ = {
			isa = XCConfigurationList;
			buildConfigurations = (
				A31D521927B464F800812606 /* Debug */,
				A31D521A27B464F800812606 /* Release */,
			);
			defaultConfigurationIsVisible = 0;
			defaultConfigurationName = Release;
		};
/* End XCConfigurationList section */
	};
	rootObject = A31D51FC27B464F600812606 /* Project object */;
}
